
Microsoft Visual Studio Solution File, Format Version 12.00
# Visual Studio Version 16
VisualStudioVersion = 16.0.32002.261
MinimumVisualStudioVersion = 10.0.40219.1
Project("{FAE04EC0-301F-11D3-BF4B-00C04F79EFBC}") = "CaseVehicle.WebApi", "CaseVehicle.WebApi\CaseVehicle.WebApi.csproj", "{7706451D-6314-40BB-8E90-5F81FCDBFC75}"
EndProject
Project("{FAE04EC0-301F-11D3-BF4B-00C04F79EFBC}") = "CaseVehicle.Bll", "CaseVehicle.Bll\CaseVehicle.Bll.csproj", "{7BD72103-CF77-40F4-A2A1-6BCDA3B59925}"
EndProject
Project("{FAE04EC0-301F-11D3-BF4B-00C04F79EFBC}") = "CaseVehicle.Dal", "CaseVehicle.Dal\CaseVehicle.Dal.csproj", "{ECA1368B-A7F5-4202-8063-38FDF9376070}"
EndProject
Project("{FAE04EC0-301F-11D3-BF4B-00C04F79EFBC}") = "CaseVehicle.Entity", "CaseVehicle.Entity\CaseVehicle.Entity.csproj", "{821546AF-A826-4F85-A635-FD121987D8B0}"
EndProject
Project("{FAE04EC0-301F-11D3-BF4B-00C04F79EFBC}") = "CaseVehicle.Interface", "CaseVehicle.Interface\CaseVehicle.Interface.csproj", "{A180FCF2-642A-4F31-B257-D09805221BB2}"
EndProject
Global
	GlobalSection(SolutionConfigurationPlatforms) = preSolution
		Debug|Any CPU = Debug|Any CPU
		Release|Any CPU = Release|Any CPU
	EndGlobalSection
	GlobalSection(ProjectConfigurationPlatforms) = postSolution
		{7706451D-6314-40BB-8E90-5F81FCDBFC75}.Debug|Any CPU.ActiveCfg = Debug|Any CPU
		{7706451D-6314-40BB-8E90-5F81FCDBFC75}.Debug|Any CPU.Build.0 = Debug|Any CPU
		{7706451D-6314-40BB-8E90-5F81FCDBFC75}.Release|Any CPU.ActiveCfg = Release|Any CPU
		{7706451D-6314-40BB-8E90-5F81FCDBFC75}.Release|Any CPU.Build.0 = Release|Any CPU
		{7BD72103-CF77-40F4-A2A1-6BCDA3B59925}.Debug|Any CPU.ActiveCfg = Debug|Any CPU
		{7BD72103-CF77-40F4-A2A1-6BCDA3B59925}.Debug|Any CPU.Build.0 = Debug|Any CPU
		{7BD72103-CF77-40F4-A2A1-6BCDA3B59925}.Release|Any CPU.ActiveCfg = Release|Any CPU
		{7BD72103-CF77-40F4-A2A1-6BCDA3B59925}.Release|Any CPU.Build.0 = Release|Any CPU
		{ECA1368B-A7F5-4202-8063-38FDF9376070}.Debug|Any CPU.ActiveCfg = Debug|Any CPU
		{ECA1368B-A7F5-4202-8063-38FDF9376070}.Debug|Any CPU.Build.0 = Debug|Any CPU
		{ECA1368B-A7F5-4202-8063-38FDF9376070}.Release|Any CPU.ActiveCfg = Release|Any CPU
		{ECA1368B-A7F5-4202-8063-38FDF9376070}.Release|Any CPU.Build.0 = Release|Any CPU
		{821546AF-A826-4F85-A635-FD121987D8B0}.Debug|Any CPU.ActiveCfg = Debug|Any CPU
		{821546AF-A826-4F85-A635-FD121987D8B0}.Debug|Any CPU.Build.0 = Debug|Any CPU
		{821546AF-A826-4F85-A635-FD121987D8B0}.Release|Any CPU.ActiveCfg = Release|Any CPU
		{821546AF-A826-4F85-A635-FD121987D8B0}.Release|Any CPU.Build.0 = Release|Any CPU
		{A180FCF2-642A-4F31-B257-D09805221BB2}.Debug|Any CPU.ActiveCfg = Debug|Any CPU
		{A180FCF2-642A-4F31-B257-D09805221BB2}.Debug|Any CPU.Build.0 = Debug|Any CPU
		{A180FCF2-642A-4F31-B257-D09805221BB2}.Release|Any CPU.ActiveCfg = Release|Any CPU
		{A180FCF2-642A-4F31-B257-D09805221BB2}.Release|Any CPU.Build.0 = Release|Any CPU
	EndGlobalSection
	GlobalSection(SolutionProperties) = preSolution
		HideSolutionNode = FALSE
	EndGlobalSection
	GlobalSection(ExtensibilityGlobals) = postSolution
		SolutionGuid = {D22EA725-21CB-4AA3-BFD8-1FFB2EBB0EF9}
	EndGlobalSection
EndGlobal
